github.com/JennieSex/colorizer v0.0.0-20220221153441-d45b66c5e22f h1:vZoFJ1fMi7ucus5M9muVQQdNFz1HknJYiNekbWUWU0E=
github.com/JennieSex/colorizer v0.0.0-20220221153441-d45b66c5e22f/go.mod h1:zpHPAP2mEmjYTxtII2jH7Tr7sxvRxkdZrLhyqSSTNXk=
github.com/recoilme/pudge v1.0.3 h1:h/9dEv5fRqtzM4lnO69kUoN+k7ukxxrW9NGb9ug0grM=
github.com/recoilme/pudge v1.0.3/go.mod h1:VMvxBLVkrSStldckzCsETBXox3pfovfrnEchafXk8qA=
